// !$*UTF8*$!
{
	archiveVersion = 1;
	classes = {
	};
	objectVersion = 56;
	objects = {

/* Begin PBXBuildFile section */
		431EAD742B06473E0054300C /* SwiftAlgorithmsTestCases.swift in Sources */ = {isa = PBXBuildFile; fileRef = 431EAD732B06473E0054300C /* SwiftAlgorithmsTestCases.swift */; };
		431EAD792B0647EB0054300C /* Algorithm.swift in Sources */ = {isa = PBXBuildFile; fileRef = 431EAD782B0647EB0054300C /* Algorithm.swift */; };
		431EAD7A2B0648150054300C /* Algorithm.swift in Sources */ = {isa = PBXBuildFile; fileRef = 431EAD782B0647EB0054300C /* Algorithm.swift */; };
		43B97BA32AFE97AB00ED6868 /* main.swift in Sources */ = {isa = PBXBuildFile; fileRef = 43B97BA22AFE97AB00ED6868 /* main.swift */; };
		43D2F2BD2B037C120075EFE5 /* linearSearch.swift in Sources */ = {isa = PBXBuildFile; fileRef = 43D2F2BC2B037C120075EFE5 /* linearSearch.swift */; };
		43D2F2BF2B037DE80075EFE5 /* bubbleSort.swift in Sources */ = {isa = PBXBuildFile; fileRef = 43D2F2BE2B037DE80075EFE5 /* bubbleSort.swift */; };
		43D2F2C12B038A3F0075EFE5 /* binarySearch.swift in Sources */ = {isa = PBXBuildFile; fileRef = 43D2F2C02B038A3F0075EFE5 /* binarySearch.swift */; };
/* End PBXBuildFile section */

/* Begin PBXCopyFilesBuildPhase section */
		43B97B9D2AFE97AB00ED6868 /* CopyFiles */ = {
			isa = PBXCopyFilesBuildPhase;
			buildActionMask = 2147483647;
			dstPath = /usr/share/man/man1/;
			dstSubfolderSpec = 0;
			files = (
			);
			runOnlyForDeploymentPostprocessing = 1;
		};
/* End PBXCopyFilesBuildPhase section */

/* Begin PBXFileReference section */
		431EAD712B06473E0054300C /* SwiftAlgorithmsTestCases.xctest */ = {isa = PBXFileReference; explicitFileType = wrapper.cfbundle; includeInIndex = 0; path = SwiftAlgorithmsTestCases.xctest; sourceTree = BUILT_PRODUCTS_DIR; };
		431EAD732B06473E0054300C /* SwiftAlgorithmsTestCases.swift */ = {isa = PBXFileReference; lastKnownFileType = sourcecode.swift; path = SwiftAlgorithmsTestCases.swift; sourceTree = "<group>"; };
		431EAD782B0647EB0054300C /* Algorithm.swift */ = {isa = PBXFileReference; lastKnownFileType = sourcecode.swift; path = Algorithm.swift; sourceTree = "<group>"; };
		43B97B9F2AFE97AB00ED6868 /* SwiftAlgorithms */ = {isa = PBXFileReference; explicitFileType = "compiled.mach-o.executable"; includeInIndex = 0; path = SwiftAlgorithms; sourceTree = BUILT_PRODUCTS_DIR; };
		43B97BA22AFE97AB00ED6868 /* main.swift */ = {isa = PBXFileReference; lastKnownFileType = sourcecode.swift; path = main.swift; sourceTree = "<group>"; };
		43D2F2BC2B037C120075EFE5 /* linearSearch.swift */ = {isa = PBXFileReference; lastKnownFileType = sourcecode.swift; path = linearSearch.swift; sourceTree = "<group>"; };
		43D2F2BE2B037DE80075EFE5 /* bubbleSort.swift */ = {isa = PBXFileReference; lastKnownFileType = sourcecode.swift; path = bubbleSort.swift; sourceTree = "<group>"; };
		43D2F2C02B038A3F0075EFE5 /* binarySearch.swift */ = {isa = PBXFileReference; lastKnownFileType = sourcecode.swift; path = binarySearch.swift; sourceTree = "<group>"; };
/* End PBXFileReference section */

/* Begin PBXFrameworksBuildPhase section */
		431EAD6E2B06473E0054300C /* Frameworks */ = {
			isa = PBXFrameworksBuildPhase;
			buildActionMask = 2147483647;
			files = (
			);
			runOnlyForDeploymentPostprocessing = 0;
		};
		43B97B9C2AFE97AB00ED6868 /* Frameworks */ = {
			isa = PBXFrameworksBuildPhase;
			buildActionMask = 2147483647;
			files = (
			);
			runOnlyForDeploymentPostprocessing = 0;
		};
/* End PBXFrameworksBuildPhase section */

/* Begin PBXGroup section */
		431EAD722B06473E0054300C /* SwiftAlgorithmsTestCases */ = {
			isa = PBXGroup;
			children = (
				431EAD732B06473E0054300C /* SwiftAlgorithmsTestCases.swift */,
			);
			path = SwiftAlgorithmsTestCases;
			sourceTree = "<group>";
		};
		43B97B962AFE97AB00ED6868 = {
			isa = PBXGroup;
			children = (
				43B97BA12AFE97AB00ED6868 /* SwiftAlgorithms */,
				431EAD722B06473E0054300C /* SwiftAlgorithmsTestCases */,
				43B97BA02AFE97AB00ED6868 /* Products */,
			);
			sourceTree = "<group>";
		};
		43B97BA02AFE97AB00ED6868 /* Products */ = {
			isa = PBXGroup;
			children = (
				43B97B9F2AFE97AB00ED6868 /* SwiftAlgorithms */,
				431EAD712B06473E0054300C /* SwiftAlgorithmsTestCases.xctest */,
			);
			name = Products;
			sourceTree = "<group>";
		};
		43B97BA12AFE97AB00ED6868 /* SwiftAlgorithms */ = {
			isa = PBXGroup;
			children = (
				43B97BA22AFE97AB00ED6868 /* main.swift */,
				43D2F2C02B038A3F0075EFE5 /* binarySearch.swift */,
				43D2F2BC2B037C120075EFE5 /* linearSearch.swift */,
				43D2F2BE2B037DE80075EFE5 /* bubbleSort.swift */,
				431EAD782B0647EB0054300C /* Algorithm.swift */,
			);
			path = SwiftAlgorithms;
			sourceTree = "<group>";
		};
/* End PBXGroup section */

/* Begin PBXNativeTarget section */
		431EAD702B06473E0054300C /* SwiftAlgorithmsTestCases */ = {
			isa = PBXNativeTarget;
			buildConfigurationList = 431EAD772B06473E0054300C /* Build configuration list for PBXNativeTarget "SwiftAlgorithmsTestCases" */;
			buildPhases = (
				431EAD6D2B06473E0054300C /* Sources */,
				431EAD6E2B06473E0054300C /* Frameworks */,
				431EAD6F2B06473E0054300C /* Resources */,
			);
			buildRules = (
			);
			dependencies = (
			);
			name = SwiftAlgorithmsTestCases;
			productName = SwiftAlgorithmsTestCases;
			productReference = 431EAD712B06473E0054300C /* SwiftAlgorithmsTestCases.xctest */;
			productType = "com.apple.product-type.bundle.unit-test";
		};
		43B97B9E2AFE97AB00ED6868 /* SwiftAlgorithms */ = {
			isa = PBXNativeTarget;
			buildConfigurationList = 43B97BA62AFE97AB00ED6868 /* Build configuration list for PBXNativeTarget "SwiftAlgorithms" */;
			buildPhases = (
				43B97B9B2AFE97AB00ED6868 /* Sources */,
				43B97B9C2AFE97AB00ED6868 /* Frameworks */,
				43B97B9D2AFE97AB00ED6868 /* CopyFiles */,
			);
			buildRules = (
			);
			dependencies = (
			);
			name = SwiftAlgorithms;
			productName = SwiftAlgorithms;
			productReference = 43B97B9F2AFE97AB00ED6868 /* SwiftAlgorithms */;
			productType = "com.apple.product-type.tool";
		};
/* End PBXNativeTarget section */

/* Begin PBXProject section */
		43B97B972AFE97AB00ED6868 /* Project object */ = {
			isa = PBXProject;
			attributes = {
				BuildIndependentTargetsInParallel = 1;
				LastSwiftUpdateCheck = 1430;
				LastUpgradeCheck = 1430;
				TargetAttributes = {
					431EAD702B06473E0054300C = {
						CreatedOnToolsVersion = 14.3.1;
					};
					43B97B9E2AFE97AB00ED6868 = {
						CreatedOnToolsVersion = 14.3.1;
					};
				};
			};
			buildConfigurationList = 43B97B9A2AFE97AB00ED6868 /* Build configuration list for PBXProject "SwiftAlgorithms" */;
			compatibilityVersion = "Xcode 14.0";
			developmentRegion = en;
			hasScannedForEncodings = 0;
			knownRegions = (
				en,
				Base,
			);
			mainGroup = 43B97B962AFE97AB00ED6868;
			productRefGroup = 43B97BA02AFE97AB00ED6868 /* Products */;
			projectDirPath = "";
			projectRoot = "";
			targets = (
				43B97B9E2AFE97AB00ED6868 /* SwiftAlgorithms */,
				431EAD702B06473E0054300C /* SwiftAlgorithmsTestCases */,
			);
		};
/* End PBXProject section */

/* Begin PBXResourcesBuildPhase section */
		431EAD6F2B06473E0054300C /* Resources */ = {
			isa = PBXResourcesBuildPhase;
			buildActionMask = 2147483647;
			files = (
			);
			runOnlyForDeploymentPostprocessing = 0;
		};
/* End PBXResourcesBuildPhase section */

/* Begin PBXSourcesBuildPhase section */
		431EAD6D2B06473E0054300C /* Sources */ = {
			isa = PBXSourcesBuildPhase;
			buildActionMask = 2147483647;
			files = (
				431EAD742B06473E0054300C /* SwiftAlgorithmsTestCases.swift in Sources */,
				431EAD7A2B0648150054300C /* Algorithm.swift in Sources */,
			);
			runOnlyForDeploymentPostprocessing = 0;
		};
		43B97B9B2AFE97AB00ED6868 /* Sources */ = {
			isa = PBXSourcesBuildPhase;
			buildActionMask = 2147483647;
			files = (
				43D2F2C12B038A3F0075EFE5 /* binarySearch.swift in Sources */,
				43D2F2BF2B037DE80075EFE5 /* bubbleSort.swift in Sources */,
				43D2F2BD2B037C120075EFE5 /* linearSearch.swift in Sources */,
				43B97BA32AFE97AB00ED6868 /* main.swift in Sources */,
				431EAD792B0647EB0054300C /* Algorithm.swift in Sources */,
			);
			runOnlyForDeploymentPostprocessing = 0;
		};
/* End PBXSourcesBuildPhase section */

/* Begin XCBuildConfiguration section */
		431EAD752B06473E0054300C /* Debug */ = {
			isa = XCBuildConfiguration;
			buildSettings = {
				CODE_SIGN_STYLE = Automatic;
				CURRENT_PROJECT_VERSION = 1;
				GENERATE_INFOPLIST_FILE = YES;
				IPHONEOS_DEPLOYMENT_TARGET = 16.4;
				MACOSX_DEPLOYMENT_TARGET = 13.3;
				MARKETING_VERSION = 1.0;
				PRODUCT_BUNDLE_IDENTIFIER = com.taylorw.SwiftAlgorithmsTestCases;
				PRODUCT_NAME = "$(TARGET_NAME)";
				SDKROOT = auto;
				SUPPORTED_PLATFORMS = "iphoneos iphonesimulator macosx";
				SWIFT_EMIT_LOC_STRINGS = NO;
				SWIFT_VERSION = 5.0;
				TARGETED_DEVICE_FAMILY = "1,2";
			};
			name = Debug;
		};
		431EAD762B06473E0054300C /* Release */ = {
			isa = XCBuildConfiguration;
			buildSettings = {
				CODE_SIGN_STYLE = Automatic;
				CURRENT_PROJECT_VERSION = 1;
				GENERATE_INFOPLIST_FILE = YES;
				IPHONEOS_DEPLOYMENT_TARGET = 16.4;
				MACOSX_DEPLOYMENT_TARGET = 13.3;
				MARKETING_VERSION = 1.0;
				PRODUCT_BUNDLE_IDENTIFIER = com.taylorw.SwiftAlgorithmsTestCases;
				PRODUCT_NAME = "$(TARGET_NAME)";
				SDKROOT = auto;
				SUPPORTED_PLATFORMS = "iphoneos iphonesimulator macosx";
				SWIFT_EMIT_LOC_STRINGS = NO;
				SWIFT_VERSION = 5.0;
				TARGETED_DEVICE_FAMILY = "1,2";
			};
			name = Release;
		};
		43B97BA42AFE97AB00ED6868 /* Debug */ = {
			isa = XCBuildConfiguration;
			buildSettings = {
				ALWAYS_SEARCH_USER_PATHS = NO;
				CLANG_ANALYZER_NONNULL = YES;
				CLANG_ANALYZER_NUMBER_OBJECT_CONVERSION = YES_AGGRESSIVE;
				CLANG_CXX_LANGUAGE_STANDARD = "gnu++20";
				CLANG_ENABLE_MODULES = YES;
				CLANG_ENABLE_OBJC_ARC = YES;
				CLANG_ENABLE_OBJC_WEAK = YES;
				CLANG_WARN_BLOCK_CAPTURE_AUTORELEASING = YES;
				CLANG_WARN_BOOL_CONVERSION = YES;
				CLANG_WARN_COMMA = YES;
				CLANG_WARN_CONSTANT_CONVERSION = YES;
				CLANG_WARN_DEPRECATED_OBJC_IMPLEMENTATIONS = YES;
				CLANG_WARN_DIRECT_OBJC_ISA_USAGE = YES_ERROR;
				CLANG_WARN_DOCUMENTATION_COMMENTS = YES;
				CLANG_WARN_EMPTY_BODY = YES;
				CLANG_WARN_ENUM_CONVERSION = YES;
				CLANG_WARN_INFINITE_RECURSION = YES;
				CLANG_WARN_INT_CONVERSION = YES;
				CLANG_WARN_NON_LITERAL_NULL_CONVERSION = YES;
				CLANG_WARN_OBJC_IMPLICIT_RETAIN_SELF = YES;
				CLANG_WARN_OBJC_LITERAL_CONVERSION = YES;
				CLANG_WARN_OBJC_ROOT_CLASS = YES_ERROR;
				CLANG_WARN_QUOTED_INCLUDE_IN_FRAMEWORK_HEADER = YES;
				CLANG_WARN_RANGE_LOOP_ANALYSIS = YES;
				CLANG_WARN_STRICT_PROTOTYPES = YES;
				CLANG_WARN_SUSPICIOUS_MOVE = YES;
				CLANG_WARN_UNGUARDED_AVAILABILITY = YES_AGGRESSIVE;
				CLANG_WARN_UNREACHABLE_CODE = YES;
				CLANG_WARN__DUPLICATE_METHOD_MATCH = YES;
				COPY_PHASE_STRIP = NO;
				DEBUG_INFORMATION_FORMAT = dwarf;
				ENABLE_STRICT_OBJC_MSGSEND = YES;
				ENABLE_TESTABILITY = YES;
				GCC_C_LANGUAGE_STANDARD = gnu11;
				GCC_DYNAMIC_NO_PIC = NO;
				GCC_NO_COMMON_BLOCKS = YES;
				GCC_OPTIMIZATION_LEVEL = 0;
				GCC_PREPROCESSOR_DEFINITIONS = (
					"DEBUG=1",
					"$(inherited)",
				);
				GCC_WARN_64_TO_32_BIT_CONVERSION = YES;
				GCC_WARN_ABOUT_RETURN_TYPE = YES_ERROR;
				GCC_WARN_UNDECLARED_SELECTOR = YES;
				GCC_WARN_UNINITIALIZED_AUTOS = YES_AGGRESSIVE;
				GCC_WARN_UNUSED_FUNCTION = YES;
				GCC_WARN_UNUSED_VARIABLE = YES;
				MACOSX_DEPLOYMENT_TARGET = 13.3;
				MTL_ENABLE_DEBUG_INFO = INCLUDE_SOURCE;
				MTL_FAST_MATH = YES;
				ONLY_ACTIVE_ARCH = YES;
				SDKROOT = macosx;
				SWIFT_ACTIVE_COMPILATION_CONDITIONS = DEBUG;
				SWIFT_OPTIMIZATION_LEVEL = "-Onone";
			};
			name = Debug;
		};
		43B97BA52AFE97AB00ED6868 /* Release */ = {
			isa = XCBuildConfiguration;
			buildSettings = {
				ALWAYS_SEARCH_USER_PATHS = NO;
				CLANG_ANALYZER_NONNULL = YES;
				CLANG_ANALYZER_NUMBER_OBJECT_CONVERSION = YES_AGGRESSIVE;
				CLANG_CXX_LANGUAGE_STANDARD = "gnu++20";
				CLANG_ENABLE_MODULES = YES;
				CLANG_ENABLE_OBJC_ARC = YES;
				CLANG_ENABLE_OBJC_WEAK = YES;
				CLANG_WARN_BLOCK_CAPTURE_AUTORELEASING = YES;
				CLANG_WARN_BOOL_CONVERSION = YES;
				CLANG_WARN_COMMA = YES;
				CLANG_WARN_CONSTANT_CONVERSION = YES;
				CLANG_WARN_DEPRECATED_OBJC_IMPLEMENTATIONS = YES;
				CLANG_WARN_DIRECT_OBJC_ISA_USAGE = YES_ERROR;
				CLANG_WARN_DOCUMENTATION_COMMENTS = YES;
				CLANG_WARN_EMPTY_BODY = YES;
				CLANG_WARN_ENUM_CONVERSION = YES;
				CLANG_WARN_INFINITE_RECURSION = YES;
				CLANG_WARN_INT_CONVERSION = YES;
				CLANG_WARN_NON_LITERAL_NULL_CONVERSION = YES;
				CLANG_WARN_OBJC_IMPLICIT_RETAIN_SELF = YES;
				CLANG_WARN_OBJC_LITERAL_CONVERSION = YES;
				CLANG_WARN_OBJC_ROOT_CLASS = YES_ERROR;
				CLANG_WARN_QUOTED_INCLUDE_IN_FRAMEWORK_HEADER = YES;
				CLANG_WARN_RANGE_LOOP_ANALYSIS = YES;
				CLANG_WARN_STRICT_PROTOTYPES = YES;
				CLANG_WARN_SUSPICIOUS_MOVE = YES;
				CLANG_WARN_UNGUARDED_AVAILABILITY = YES_AGGRESSIVE;
				CLANG_WARN_UNREACHABLE_CODE = YES;
				CLANG_WARN__DUPLICATE_METHOD_MATCH = YES;
				COPY_PHASE_STRIP = NO;
				DEBUG_INFORMATION_FORMAT = "dwarf-with-dsym";
				ENABLE_NS_ASSERTIONS = NO;
				ENABLE_STRICT_OBJC_MSGSEND = YES;
				GCC_C_LANGUAGE_STANDARD = gnu11;
				GCC_NO_COMMON_BLOCKS = YES;
				GCC_WARN_64_TO_32_BIT_CONVERSION = YES;
				GCC_WARN_ABOUT_RETURN_TYPE = YES_ERROR;
				GCC_WARN_UNDECLARED_SELECTOR = YES;
				GCC_WARN_UNINITIALIZED_AUTOS = YES_AGGRESSIVE;
				GCC_WARN_UNUSED_FUNCTION = YES;
				GCC_WARN_UNUSED_VARIABLE = YES;
				MACOSX_DEPLOYMENT_TARGET = 13.3;
				MTL_ENABLE_DEBUG_INFO = NO;
				MTL_FAST_MATH = YES;
				SDKROOT = macosx;
				SWIFT_COMPILATION_MODE = wholemodule;
				SWIFT_OPTIMIZATION_LEVEL = "-O";
			};
			name = Release;
		};
		43B97BA72AFE97AB00ED6868 /* Debug */ = {
			isa = XCBuildConfiguration;
			buildSettings = {
				CODE_SIGN_STYLE = Automatic;
				PRODUCT_NAME = "$(TARGET_NAME)";
				SWIFT_VERSION = 5.0;
			};
			name = Debug;
		};
		43B97BA82AFE97AB00ED6868 /* Release */ = {
			isa = XCBuildConfiguration;
			buildSettings = {
				CODE_SIGN_STYLE = Automatic;
				PRODUCT_NAME = "$(TARGET_NAME)";
				SWIFT_VERSION = 5.0;
			};
			name = Release;
		};
/* End XCBuildConfiguration section */

/* Begin XCConfigurationList section */
		431EAD772B06473E0054300C /* Build configuration list for PBXNativeTarget "SwiftAlgorithmsTestCases" */ = {
			isa = XCConfigurationList;
			buildConfigurations = (
				431EAD752B06473E0054300C /* Debug */,
				431EAD762B06473E0054300C /* Release */,
			);
			defaultConfigurationIsVisible = 0;
			defaultConfigurationName = Release;
		};
		43B97B9A2AFE97AB00ED6868 /* Build configuration list for PBXProject "SwiftAlgorithms" */ = {
			isa = XCConfigurationList;
			buildConfigurations = (
				43B97BA42AFE97AB00ED6868 /* Debug */,
				43B97BA52AFE97AB00ED6868 /* Release */,
			);
			defaultConfigurationIsVisible = 0;
			defaultConfigurationName = Release;
		};
		43B97BA62AFE97AB00ED6868 /* Build configuration list for PBXNativeTarget "SwiftAlgorithms" */ = {
			isa = XCConfigurationList;
			buildConfigurations = (
				43B97BA72AFE97AB00ED6868 /* Debug */,
				43B97BA82AFE97AB00ED6868 /* Release */,
			);
			defaultConfigurationIsVisible = 0;
			defaultConfigurationName = Release;
		};
/* End XCConfigurationList section */
	};
	rootObject = 43B97B972AFE97AB00ED6868 /* Project object */;
}
